
Microsoft Visual Studio Solution File, Format Version 12.00
# Visual Studio 15
VisualStudioVersion = 15.0.28307.489
MinimumVisualStudioVersion = 10.0.40219.1
Project("{FAE04EC0-301F-11D3-BF4B-00C04F79EFBC}") = "AIS2.0", "AIS2.0\AIS2.0.csproj", "{34BD16DE-5FD5-4509-A857-526CA6CC1E93}"
EndProject
Global
	GlobalSection(SolutionConfigurationPlatforms) = preSolution
		Debug|Any CPU = Debug|Any CPU
		Release|Any CPU = Release|Any CPU
	EndGlobalSection
	GlobalSection(ProjectConfigurationPlatforms) = postSolution
		{34BD16DE-5FD5-4509-A857-526CA6CC1E93}.Debug|Any CPU.ActiveCfg = Debug|Any CPU
		{34BD16DE-5FD5-4509-A857-526CA6CC1E93}.Debug|Any CPU.Build.0 = Debug|Any CPU
		{34BD16DE-5FD5-4509-A857-526CA6CC1E93}.Release|Any CPU.ActiveCfg = Release|Any CPU
		{34BD16DE-5FD5-4509-A857-526CA6CC1E93}.Release|Any CPU.Build.0 = Release|Any CPU
	EndGlobalSection
	GlobalSection(SolutionProperties) = preSolution
		HideSolutionNode = FALSE
	EndGlobalSection
	GlobalSection(ExtensibilityGlobals) = postSolution
		SolutionGuid = {C29B18D4-F900-413C-8637-134FED42CF87}
	EndGlobalSection
EndGlobal
